{
  "nodes": {
    "israel-ip-blocker": {
      "locked": {
        "lastModified": 1788047920,
        "narHash": "sha256-F6vciGV3xWR1BNKF7VZvZNjEOJxO0j1mkgMgTk4gmwA=",
        "owner": "airakaaz",
        "repo": "israel-ip-blocker",
        "rev": "24afce78b9d39455235177ed0be93e590591ef77",
        "type": "github"
      },
      "original": {
        "owner": "airakaaz",
        "repo": "israel-ip-blocker",
        "type": "github"
      }
    },
    "nixpkgs": {
      "locked": {
        "lastModified": 1786862985,
        "narHash": "sha256-FBJRXmbGXiSUDvYEbfLYRkckayyZ6SK1UEqhCrIZ2Cs=",
        "owner": "nixos",
        "repo": "nixpkgs",
        "rev": "e5bdc4a41d4c072fe1e3787eaa0320a384741d44",
        "type": "github"
      },
      "original": {
        "owner": "nixos",
        "ref": "nixos-unstable",
        "repo": "nixpkgs",
        "type": "github"
      }
    },
    "root": {
      "inputs": {
        "israel-ip-blocker": "israel-ip-blocker",
        "nixpkgs": "nixpkgs"
      }
    }
  },
  "root": "root",
  "version": 7
}
